# This file was autogenerated by uv via the following command:
#    uv pip compile pyproject.toml --output-file /tmp/req-ci.lock
aiokafka==0.13.0
    # via aci-platform (pyproject.toml)
annotated-doc==0.0.4
    # via fastapi
annotated-types==0.7.0
    # via pydantic
anyio==4.12.1
    # via
    #   httpx
    #   starlette
    #   watchfiles
asgiref==3.11.1
    # via opentelemetry-instrumentation-asgi
async-timeout==5.0.1
    # via aiokafka
certifi==2026.2.25
    # via
    #   httpcore
    #   httpx
cffi==2.0.0
    # via cryptography
click==8.3.1
    # via uvicorn
cryptography==46.0.5
    # via
    #   aci-platform (pyproject.toml)
    #   pyjwt
fastapi==0.135.1
    # via aci-platform (pyproject.toml)
h11==0.16.0
    # via
    #   httpcore
    #   uvicorn
hiredis==3.3.0
    # via redis
httpcore==1.0.9
    # via httpx
httptools==0.7.1
    # via uvicorn
httpx==0.28.1
    # via aci-platform (pyproject.toml)
idna==3.11
    # via
    #   anyio
    #   httpx
importlib-metadata==8.7.1
    # via opentelemetry-api
joblib==1.5.3
    # via scikit-learn
neo4j==6.1.0
    # via aci-platform (pyproject.toml)
numpy==2.4.2
    # via
    #   aci-platform (pyproject.toml)
    #   scikit-learn
    #   scipy
opentelemetry-api==1.40.0
    # via
    #   aci-platform (pyproject.toml)
    #   opentelemetry-instrumentation
    #   opentelemetry-instrumentation-asgi
    #   opentelemetry-instrumentation-fastapi
    #   opentelemetry-sdk
    #   opentelemetry-semantic-conventions
opentelemetry-instrumentation==0.61b0
    # via
    #   opentelemetry-instrumentation-asgi
    #   opentelemetry-instrumentation-fastapi
opentelemetry-instrumentation-asgi==0.61b0
    # via opentelemetry-instrumentation-fastapi
opentelemetry-instrumentation-fastapi==0.61b0
    # via aci-platform (pyproject.toml)
opentelemetry-sdk==1.40.0
    # via aci-platform (pyproject.toml)
opentelemetry-semantic-conventions==0.61b0
    # via
    #   opentelemetry-instrumentation
    #   opentelemetry-instrumentation-asgi
    #   opentelemetry-instrumentation-fastapi
    #   opentelemetry-sdk
opentelemetry-util-http==0.61b0
    # via
    #   opentelemetry-instrumentation-asgi
    #   opentelemetry-instrumentation-fastapi
orjson==3.11.7
    # via aci-platform (pyproject.toml)
packaging==26.0
    # via
    #   aiokafka
    #   opentelemetry-instrumentation
prometheus-client==0.24.1
    # via aci-platform (pyproject.toml)
pycparser==3.0
    # via cffi
pydantic==2.12.5
    # via
    #   aci-platform (pyproject.toml)
    #   fastapi
    #   pydantic-settings
pydantic-core==2.41.5
    # via pydantic
pydantic-settings==2.13.1
    # via aci-platform (pyproject.toml)
pyjwt==2.11.0
    # via aci-platform (pyproject.toml)
python-dotenv==1.2.2
    # via
    #   pydantic-settings
    #   uvicorn
pytz==2026.1.post1
    # via neo4j
pyyaml==6.0.3
    # via uvicorn
redis==7.2.1
    # via aci-platform (pyproject.toml)
scikit-learn==1.8.0
    # via aci-platform (pyproject.toml)
scipy==1.17.1
    # via
    #   aci-platform (pyproject.toml)
    #   scikit-learn
starlette==0.52.1
    # via fastapi
structlog==25.5.0
    # via aci-platform (pyproject.toml)
threadpoolctl==3.6.0
    # via scikit-learn
typing-extensions==4.15.0
    # via
    #   aiokafka
    #   anyio
    #   fastapi
    #   opentelemetry-api
    #   opentelemetry-sdk
    #   opentelemetry-semantic-conventions
    #   pydantic
    #   pydantic-core
    #   starlette
    #   typing-inspection
typing-inspection==0.4.2
    # via
    #   fastapi
    #   pydantic
    #   pydantic-settings
uvicorn==0.41.0
    # via aci-platform (pyproject.toml)
uvloop==0.22.1
    # via uvicorn
watchfiles==1.1.1
    # via uvicorn
websockets==16.0
    # via uvicorn
wrapt==1.17.3
    # via opentelemetry-instrumentation
zipp==3.23.0
    # via importlib-metadata
